
Microsoft Visual Studio Solution File, Format Version 12.00
# Visual Studio Version 16
VisualStudioVersion = 16.0.30717.126
MinimumVisualStudioVersion = 10.0.40219.1
Project("{8BC9CEB8-8B4A-11D0-8D11-00A0C91BC942}") = "cursorC++", "cursorC++\cursorC++.vcxproj", "{EDC8B493-8F69-489A-A243-0FFD77089B3B}"
EndProject
Project("{8BC9CEB8-8B4A-11D0-8D11-00A0C91BC942}") = "toggleConsoleVisibility", "toggleConsoleVisibility\toggleConsoleVisibility.vcxproj", "{185C8E19-D09E-4077-9EFB-6F8474CE8A5B}"
EndProject
Project("{8BC9CEB8-8B4A-11D0-8D11-00A0C91BC942}") = "lockCursor", "lockCursorAtMiddle\lockCursorAtMiddle.vcxproj", "{9A711D95-C305-43C0-AF84-0B506BB0F0C4}"
EndProject
Project("{8BC9CEB8-8B4A-11D0-8D11-00A0C91BC942}") = "lockCursorAdvanced", "lockCursorAdvanced\lockCursorAdvanced.vcxproj", "{7F816A71-21F1-4353-8FF4-B43173BFF597}"
EndProject
Project("{2150E333-8FDC-42A3-9474-1A3956D46DE8}") = "lock cursor", "lock cursor", "{07E88F66-3FFB-4EE8-8E08-A192F183618D}"
EndProject
Project("{2150E333-8FDC-42A3-9474-1A3956D46DE8}") = "windows", "windows", "{93835F18-776C-421C-93EB-2D87DCD65C75}"
EndProject
Project("{8BC9CEB8-8B4A-11D0-8D11-00A0C91BC942}") = "toggleWIndowVisibility", "toggleWIndowVisibility\toggleWIndowVisibility.vcxproj", "{214D3C7E-C5FD-406A-AE52-534EB62FA6A6}"
EndProject
Global
	GlobalSection(SolutionConfigurationPlatforms) = preSolution
		Debug|x64 = Debug|x64
		Debug|x86 = Debug|x86
		Release|x64 = Release|x64
		Release|x86 = Release|x86
	EndGlobalSection
	GlobalSection(ProjectConfigurationPlatforms) = postSolution
		{EDC8B493-8F69-489A-A243-0FFD77089B3B}.Debug|x64.ActiveCfg = Debug|x64
		{EDC8B493-8F69-489A-A243-0FFD77089B3B}.Debug|x64.Build.0 = Debug|x64
		{EDC8B493-8F69-489A-A243-0FFD77089B3B}.Debug|x86.ActiveCfg = Debug|Win32
		{EDC8B493-8F69-489A-A243-0FFD77089B3B}.Debug|x86.Build.0 = Debug|Win32
		{EDC8B493-8F69-489A-A243-0FFD77089B3B}.Release|x64.ActiveCfg = Release|x64
		{EDC8B493-8F69-489A-A243-0FFD77089B3B}.Release|x64.Build.0 = Release|x64
		{EDC8B493-8F69-489A-A243-0FFD77089B3B}.Release|x86.ActiveCfg = Release|Win32
		{EDC8B493-8F69-489A-A243-0FFD77089B3B}.Release|x86.Build.0 = Release|Win32
		{185C8E19-D09E-4077-9EFB-6F8474CE8A5B}.Debug|x64.ActiveCfg = Debug|x64
		{185C8E19-D09E-4077-9EFB-6F8474CE8A5B}.Debug|x64.Build.0 = Debug|x64
		{185C8E19-D09E-4077-9EFB-6F8474CE8A5B}.Debug|x86.ActiveCfg = Debug|Win32
		{185C8E19-D09E-4077-9EFB-6F8474CE8A5B}.Debug|x86.Build.0 = Debug|Win32
		{185C8E19-D09E-4077-9EFB-6F8474CE8A5B}.Release|x64.ActiveCfg = Release|x64
		{185C8E19-D09E-4077-9EFB-6F8474CE8A5B}.Release|x64.Build.0 = Release|x64
		{185C8E19-D09E-4077-9EFB-6F8474CE8A5B}.Release|x86.ActiveCfg = Release|Win32
		{185C8E19-D09E-4077-9EFB-6F8474CE8A5B}.Release|x86.Build.0 = Release|Win32
		{9A711D95-C305-43C0-AF84-0B506BB0F0C4}.Debug|x64.ActiveCfg = Debug|x64
		{9A711D95-C305-43C0-AF84-0B506BB0F0C4}.Debug|x64.Build.0 = Debug|x64
		{9A711D95-C305-43C0-AF84-0B506BB0F0C4}.Debug|x86.ActiveCfg = Debug|Win32
		{9A711D95-C305-43C0-AF84-0B506BB0F0C4}.Debug|x86.Build.0 = Debug|Win32
		{9A711D95-C305-43C0-AF84-0B506BB0F0C4}.Release|x64.ActiveCfg = Release|x64
		{9A711D95-C305-43C0-AF84-0B506BB0F0C4}.Release|x64.Build.0 = Release|x64
		{9A711D95-C305-43C0-AF84-0B506BB0F0C4}.Release|x86.ActiveCfg = Release|Win32
		{9A711D95-C305-43C0-AF84-0B506BB0F0C4}.Release|x86.Build.0 = Release|Win32
		{7F816A71-21F1-4353-8FF4-B43173BFF597}.Debug|x64.ActiveCfg = Debug|x64
		{7F816A71-21F1-4353-8FF4-B43173BFF597}.Debug|x64.Build.0 = Debug|x64
		{7F816A71-21F1-4353-8FF4-B43173BFF597}.Debug|x86.ActiveCfg = Debug|Win32
		{7F816A71-21F1-4353-8FF4-B43173BFF597}.Debug|x86.Build.0 = Debug|Win32
		{7F816A71-21F1-4353-8FF4-B43173BFF597}.Release|x64.ActiveCfg = Release|x64
		{7F816A71-21F1-4353-8FF4-B43173BFF597}.Release|x64.Build.0 = Release|x64
		{7F816A71-21F1-4353-8FF4-B43173BFF597}.Release|x86.ActiveCfg = Release|Win32
		{7F816A71-21F1-4353-8FF4-B43173BFF597}.Release|x86.Build.0 = Release|Win32
		{214D3C7E-C5FD-406A-AE52-534EB62FA6A6}.Debug|x64.ActiveCfg = Debug|x64
		{214D3C7E-C5FD-406A-AE52-534EB62FA6A6}.Debug|x64.Build.0 = Debug|x64
		{214D3C7E-C5FD-406A-AE52-534EB62FA6A6}.Debug|x86.ActiveCfg = Debug|Win32
		{214D3C7E-C5FD-406A-AE52-534EB62FA6A6}.Debug|x86.Build.0 = Debug|Win32
		{214D3C7E-C5FD-406A-AE52-534EB62FA6A6}.Release|x64.ActiveCfg = Release|x64
		{214D3C7E-C5FD-406A-AE52-534EB62FA6A6}.Release|x64.Build.0 = Release|x64
		{214D3C7E-C5FD-406A-AE52-534EB62FA6A6}.Release|x86.ActiveCfg = Release|Win32
		{214D3C7E-C5FD-406A-AE52-534EB62FA6A6}.Release|x86.Build.0 = Release|Win32
	EndGlobalSection
	GlobalSection(SolutionProperties) = preSolution
		HideSolutionNode = FALSE
	EndGlobalSection
	GlobalSection(NestedProjects) = preSolution
		{185C8E19-D09E-4077-9EFB-6F8474CE8A5B} = {93835F18-776C-421C-93EB-2D87DCD65C75}
		{9A711D95-C305-43C0-AF84-0B506BB0F0C4} = {07E88F66-3FFB-4EE8-8E08-A192F183618D}
		{7F816A71-21F1-4353-8FF4-B43173BFF597} = {07E88F66-3FFB-4EE8-8E08-A192F183618D}
		{214D3C7E-C5FD-406A-AE52-534EB62FA6A6} = {93835F18-776C-421C-93EB-2D87DCD65C75}
	EndGlobalSection
	GlobalSection(ExtensibilityGlobals) = postSolution
		SolutionGuid = {ECB49343-72B5-450D-A2A8-0A49EB167EE8}
	EndGlobalSection
EndGlobal
